// !$*UTF8*$!
{
	archiveVersion = 1;
	classes = {
	};
	objectVersion = 46;
	objects = {

/* Begin PBXBuildFile section */
		278E62AC1BA15E0A00336371 /* main.m in Sources */ = {isa = PBXBuildFile; fileRef = 278E62AB1BA15E0A00336371 /* main.m */; };
		278E62AF1BA15E0A00336371 /* AppDelegate.m in Sources */ = {isa = PBXBuildFile; fileRef = 278E62AE1BA15E0A00336371 /* AppDelegate.m */; };
		278E62B21BA15E0A00336371 /* Note.xcdatamodeld in Sources */ = {isa = PBXBuildFile; fileRef = 278E62B01BA15E0A00336371 /* Note.xcdatamodeld */; };
		278E62B81BA15E0A00336371 /* Main.storyboard in Resources */ = {isa = PBXBuildFile; fileRef = 278E62B61BA15E0A00336371 /* Main.storyboard */; };
		278E62BA1BA15E0A00336371 /* Images.xcassets in Resources */ = {isa = PBXBuildFile; fileRef = 278E62B91BA15E0A00336371 /* Images.xcassets */; };
		278E62BD1BA15E0A00336371 /* LaunchScreen.xib in Resources */ = {isa = PBXBuildFile; fileRef = 278E62BB1BA15E0A00336371 /* LaunchScreen.xib */; };
		278E62C91BA15E0A00336371 /* NoteTests.m in Sources */ = {isa = PBXBuildFile; fileRef = 278E62C81BA15E0A00336371 /* NoteTests.m */; };
		278E62D41BA15E4C00336371 /* MasterTableViewController.m in Sources */ = {isa = PBXBuildFile; fileRef = 278E62D31BA15E4C00336371 /* MasterTableViewController.m */; };
		278E62D71BA15E7100336371 /* MasterTableViewCell.m in Sources */ = {isa = PBXBuildFile; fileRef = 278E62D61BA15E7100336371 /* MasterTableViewCell.m */; };
		278E62DA1BA15E8800336371 /* AddNoteTableViewController.m in Sources */ = {isa = PBXBuildFile; fileRef = 278E62D91BA15E8800336371 /* AddNoteTableViewController.m */; };
		279AF7231BABB0EB00EF457B /* ShareViewController.m in Sources */ = {isa = PBXBuildFile; fileRef = 279AF7221BABB0EB00EF457B /* ShareViewController.m */; };
		279AF7261BABB0EB00EF457B /* MainInterface.storyboard in Resources */ = {isa = PBXBuildFile; fileRef = 279AF7241BABB0EB00EF457B /* MainInterface.storyboard */; };
		279AF72A1BABB0EB00EF457B /* ShareAction.appex in Embed App Extensions */ = {isa = PBXBuildFile; fileRef = 279AF71F1BABB0EB00EF457B /* ShareAction.appex */; settings = {ATTRIBUTES = (RemoveHeadersOnCopy, ); }; };
		27E6AC491BAE36640051A267 /* CloudKit.framework in Frameworks */ = {isa = PBXBuildFile; fileRef = 27E6AC481BAE36640051A267 /* CloudKit.framework */; };
/* End PBXBuildFile section */

/* Begin PBXContainerItemProxy section */
		278E62C31BA15E0A00336371 /* PBXContainerItemProxy */ = {
			isa = PBXContainerItemProxy;
			containerPortal = 278E629E1BA15E0A00336371 /* Project object */;
			proxyType = 1;
			remoteGlobalIDString = 278E62A51BA15E0A00336371;
			remoteInfo = Note;
		};
		279AF7281BABB0EB00EF457B /* PBXContainerItemProxy */ = {
			isa = PBXContainerItemProxy;
			containerPortal = 278E629E1BA15E0A00336371 /* Project object */;
			proxyType = 1;
			remoteGlobalIDString = 279AF71E1BABB0EB00EF457B;
			remoteInfo = ShareAction;
		};
/* End PBXContainerItemProxy section */

/* Begin PBXCopyFilesBuildPhase section */
		279AF72E1BABB0EB00EF457B /* Embed App Extensions */ = {
			isa = PBXCopyFilesBuildPhase;
			buildActionMask = 2147483647;
			dstPath = "";
			dstSubfolderSpec = 13;
			files = (
				279AF72A1BABB0EB00EF457B /* ShareAction.appex in Embed App Extensions */,
			);
			name = "Embed App Extensions";
			runOnlyForDeploymentPostprocessing = 0;
		};
/* End PBXCopyFilesBuildPhase section */

/* Begin PBXFileReference section */
		278E62A61BA15E0A00336371 /* Note.app */ = {isa = PBXFileReference; explicitFileType = wrapper.application; includeInIndex = 0; path = Note.app; sourceTree = BUILT_PRODUCTS_DIR; };
		278E62AA1BA15E0A00336371 /* Info.plist */ = {isa = PBXFileReference; lastKnownFileType = text.plist.xml; path = Info.plist; sourceTree = "<group>"; };
		278E62AB1BA15E0A00336371 /* main.m */ = {isa = PBXFileReference; lastKnownFileType = sourcecode.c.objc; path = main.m; sourceTree = "<group>"; };
		278E62AD1BA15E0A00336371 /* AppDelegate.h */ = {isa = PBXFileReference; lastKnownFileType = sourcecode.c.h; path = AppDelegate.h; sourceTree = "<group>"; };
		278E62AE1BA15E0A00336371 /* AppDelegate.m */ = {isa = PBXFileReference; lastKnownFileType = sourcecode.c.objc; path = AppDelegate.m; sourceTree = "<group>"; };
		278E62B11BA15E0A00336371 /* Note.xcdatamodel */ = {isa = PBXFileReference; lastKnownFileType = wrapper.xcdatamodel; path = Note.xcdatamodel; sourceTree = "<group>"; };
		278E62B71BA15E0A00336371 /* Base */ = {isa = PBXFileReference; lastKnownFileType = file.storyboard; name = Base; path = Base.lproj/Main.storyboard; sourceTree = "<group>"; };
		278E62B91BA15E0A00336371 /* Images.xcassets */ = {isa = PBXFileReference; lastKnownFileType = folder.assetcatalog; path = Images.xcassets; sourceTree = "<group>"; };
		278E62BC1BA15E0A00336371 /* Base */ = {isa = PBXFileReference; lastKnownFileType = file.xib; name = Base; path = Base.lproj/LaunchScreen.xib; sourceTree = "<group>"; };
		278E62C21BA15E0A00336371 /* NoteTests.xctest */ = {isa = PBXFileReference; explicitFileType = wrapper.cfbundle; includeInIndex = 0; path = NoteTests.xctest; sourceTree = BUILT_PRODUCTS_DIR; };
		278E62C71BA15E0A00336371 /* Info.plist */ = {isa = PBXFileReference; lastKnownFileType = text.plist.xml; path = Info.plist; sourceTree = "<group>"; };
		278E62C81BA15E0A00336371 /* NoteTests.m */ = {isa = PBXFileReference; lastKnownFileType = sourcecode.c.objc; path = NoteTests.m; sourceTree = "<group>"; };
		278E62D21BA15E4C00336371 /* MasterTableViewController.h */ = {isa = PBXFileReference; fileEncoding = 4; lastKnownFileType = sourcecode.c.h; path = MasterTableViewController.h; sourceTree = "<group>"; };
		278E62D31BA15E4C00336371 /* MasterTableViewController.m */ = {isa = PBXFileReference; fileEncoding = 4; lastKnownFileType = sourcecode.c.objc; path = MasterTableViewController.m; sourceTree = "<group>"; };
		278E62D51BA15E7100336371 /* MasterTableViewCell.h */ = {isa = PBXFileReference; fileEncoding = 4; lastKnownFileType = sourcecode.c.h; path = MasterTableViewCell.h; sourceTree = "<group>"; };
		278E62D61BA15E7100336371 /* MasterTableViewCell.m */ = {isa = PBXFileReference; fileEncoding = 4; lastKnownFileType = sourcecode.c.objc; path = MasterTableViewCell.m; sourceTree = "<group>"; };
		278E62D81BA15E8800336371 /* AddNoteTableViewController.h */ = {isa = PBXFileReference; fileEncoding = 4; lastKnownFileType = sourcecode.c.h; path = AddNoteTableViewController.h; sourceTree = "<group>"; };
		278E62D91BA15E8800336371 /* AddNoteTableViewController.m */ = {isa = PBXFileReference; fileEncoding = 4; lastKnownFileType = sourcecode.c.objc; path = AddNoteTableViewController.m; sourceTree = "<group>"; };
		279AF71F1BABB0EB00EF457B /* ShareAction.appex */ = {isa = PBXFileReference; explicitFileType = "wrapper.app-extension"; includeInIndex = 0; path = ShareAction.appex; sourceTree = BUILT_PRODUCTS_DIR; };
		279AF7211BABB0EB00EF457B /* ShareViewController.h */ = {isa = PBXFileReference; lastKnownFileType = sourcecode.c.h; path = ShareViewController.h; sourceTree = "<group>"; };
		279AF7221BABB0EB00EF457B /* ShareViewController.m */ = {isa = PBXFileReference; lastKnownFileType = sourcecode.c.objc; path = ShareViewController.m; sourceTree = "<group>"; };
		279AF7251BABB0EB00EF457B /* Base */ = {isa = PBXFileReference; lastKnownFileType = file.storyboard; name = Base; path = Base.lproj/MainInterface.storyboard; sourceTree = "<group>"; };
		279AF7271BABB0EB00EF457B /* Info.plist */ = {isa = PBXFileReference; lastKnownFileType = text.plist.xml; path = Info.plist; sourceTree = "<group>"; };
		279AF72F1BABB17900EF457B /* ShareAction.entitlements */ = {isa = PBXFileReference; lastKnownFileType = text.xml; path = ShareAction.entitlements; sourceTree = "<group>"; };
		279AF7301BABB1EA00EF457B /* Note.entitlements */ = {isa = PBXFileReference; lastKnownFileType = text.xml; path = Note.entitlements; sourceTree = "<group>"; };
		27E6AC481BAE36640051A267 /* CloudKit.framework */ = {isa = PBXFileReference; lastKnownFileType = wrapper.framework; name = CloudKit.framework; path = System/Library/Frameworks/CloudKit.framework; sourceTree = SDKROOT; };
/* End PBXFileReference section */

/* Begin PBXFrameworksBuildPhase section */
		278E62A31BA15E0A00336371 /* Frameworks */ = {
			isa = PBXFrameworksBuildPhase;
			buildActionMask = 2147483647;
			files = (
				27E6AC491BAE36640051A267 /* CloudKit.framework in Frameworks */,
			);
			runOnlyForDeploymentPostprocessing = 0;
		};
		278E62BF1BA15E0A00336371 /* Frameworks */ = {
			isa = PBXFrameworksBuildPhase;
			buildActionMask = 2147483647;
			files = (
			);
			runOnlyForDeploymentPostprocessing = 0;
		};
		279AF71C1BABB0EB00EF457B /* Frameworks */ = {
			isa = PBXFrameworksBuildPhase;
			buildActionMask = 2147483647;
			files = (
			);
			runOnlyForDeploymentPostprocessing = 0;
		};
/* End PBXFrameworksBuildPhase section */

/* Begin PBXGroup section */
		278E629D1BA15E0A00336371 = {
			isa = PBXGroup;
			children = (
				27E6AC481BAE36640051A267 /* CloudKit.framework */,
				278E62A81BA15E0A00336371 /* Note */,
				278E62C51BA15E0A00336371 /* NoteTests */,
				279AF7201BABB0EB00EF457B /* ShareAction */,
				278E62A71BA15E0A00336371 /* Products */,
			);
			sourceTree = "<group>";
		};
		278E62A71BA15E0A00336371 /* Products */ = {
			isa = PBXGroup;
			children = (
				278E62A61BA15E0A00336371 /* Note.app */,
				278E62C21BA15E0A00336371 /* NoteTests.xctest */,
				279AF71F1BABB0EB00EF457B /* ShareAction.appex */,
			);
			name = Products;
			sourceTree = "<group>";
		};
		278E62A81BA15E0A00336371 /* Note */ = {
			isa = PBXGroup;
			children = (
				279AF7301BABB1EA00EF457B /* Note.entitlements */,
				278E62AD1BA15E0A00336371 /* AppDelegate.h */,
				278E62AE1BA15E0A00336371 /* AppDelegate.m */,
				278E62B61BA15E0A00336371 /* Main.storyboard */,
				278E62D81BA15E8800336371 /* AddNoteTableViewController.h */,
				278E62D91BA15E8800336371 /* AddNoteTableViewController.m */,
				278E62D21BA15E4C00336371 /* MasterTableViewController.h */,
				278E62D31BA15E4C00336371 /* MasterTableViewController.m */,
				278E62D51BA15E7100336371 /* MasterTableViewCell.h */,
				278E62D61BA15E7100336371 /* MasterTableViewCell.m */,
				278E62B91BA15E0A00336371 /* Images.xcassets */,
				278E62BB1BA15E0A00336371 /* LaunchScreen.xib */,
				278E62B01BA15E0A00336371 /* Note.xcdatamodeld */,
				278E62A91BA15E0A00336371 /* Supporting Files */,
			);
			path = Note;
			sourceTree = "<group>";
		};
		278E62A91BA15E0A00336371 /* Supporting Files */ = {
			isa = PBXGroup;
			children = (
				278E62AA1BA15E0A00336371 /* Info.plist */,
				278E62AB1BA15E0A00336371 /* main.m */,
			);
			name = "Supporting Files";
			sourceTree = "<group>";
		};
		278E62C51BA15E0A00336371 /* NoteTests */ = {
			isa = PBXGroup;
			children = (
				278E62C81BA15E0A00336371 /* NoteTests.m */,
				278E62C61BA15E0A00336371 /* Supporting Files */,
			);
			path = NoteTests;
			sourceTree = "<group>";
		};
		278E62C61BA15E0A00336371 /* Supporting Files */ = {
			isa = PBXGroup;
			children = (
				278E62C71BA15E0A00336371 /* Info.plist */,
			);
			name = "Supporting Files";
			sourceTree = "<group>";
		};
		279AF7201BABB0EB00EF457B /* ShareAction */ = {
			isa = PBXGroup;
			children = (
				279AF72F1BABB17900EF457B /* ShareAction.entitlements */,
				279AF7211BABB0EB00EF457B /* ShareViewController.h */,
				279AF7221BABB0EB00EF457B /* ShareViewController.m */,
				279AF7241BABB0EB00EF457B /* MainInterface.storyboard */,
				279AF7271BABB0EB00EF457B /* Info.plist */,
			);
			path = ShareAction;
			sourceTree = "<group>";
		};
/* End PBXGroup section */

/* Begin PBXNativeTarget section */
		278E62A51BA15E0A00336371 /* Note */ = {
			isa = PBXNativeTarget;
			buildConfigurationList = 278E62CC1BA15E0A00336371 /* Build configuration list for PBXNativeTarget "Note" */;
			buildPhases = (
				278E62A21BA15E0A00336371 /* Sources */,
				278E62A31BA15E0A00336371 /* Frameworks */,
				278E62A41BA15E0A00336371 /* Resources */,
				279AF72E1BABB0EB00EF457B /* Embed App Extensions */,
			);
			buildRules = (
			);
			dependencies = (
				279AF7291BABB0EB00EF457B /* PBXTargetDependency */,
			);
			name = Note;
			productName = Note;
			productReference = 278E62A61BA15E0A00336371 /* Note.app */;
			productType = "com.apple.product-type.application";
		};
		278E62C11BA15E0A00336371 /* NoteTests */ = {
			isa = PBXNativeTarget;
			buildConfigurationList = 278E62CF1BA15E0A00336371 /* Build configuration list for PBXNativeTarget "NoteTests" */;
			buildPhases = (
				278E62BE1BA15E0A00336371 /* Sources */,
				278E62BF1BA15E0A00336371 /* Frameworks */,
				278E62C01BA15E0A00336371 /* Resources */,
			);
			buildRules = (
			);
			dependencies = (
				278E62C41BA15E0A00336371 /* PBXTargetDependency */,
			);
			name = NoteTests;
			productName = NoteTests;
			productReference = 278E62C21BA15E0A00336371 /* NoteTests.xctest */;
			productType = "com.apple.product-type.bundle.unit-test";
		};
		279AF71E1BABB0EB00EF457B /* ShareAction */ = {
			isa = PBXNativeTarget;
			buildConfigurationList = 279AF72B1BABB0EB00EF457B /* Build configuration list for PBXNativeTarget "ShareAction" */;
			buildPhases = (
				279AF71B1BABB0EB00EF457B /* Sources */,
				279AF71C1BABB0EB00EF457B /* Frameworks */,
				279AF71D1BABB0EB00EF457B /* Resources */,
			);
			buildRules = (
			);
			dependencies = (
			);
			name = ShareAction;
			productName = ShareAction;
			productReference = 279AF71F1BABB0EB00EF457B /* ShareAction.appex */;
			productType = "com.apple.product-type.app-extension";
		};
/* End PBXNativeTarget section */

/* Begin PBXProject section */
		278E629E1BA15E0A00336371 /* Project object */ = {
			isa = PBXProject;
			attributes = {
				LastUpgradeCheck = 0700;
				ORGANIZATIONNAME = "Nilesh Mahale";
				TargetAttributes = {
					278E62A51BA15E0A00336371 = {
						CreatedOnToolsVersion = 6.4;
						DevelopmentTeam = QH652MJ3PW;
						SystemCapabilities = {
							com.apple.ApplicationGroups.iOS = {
								enabled = 1;
							};
							com.apple.iCloud = {
								enabled = 1;
							};
						};
					};
					278E62C11BA15E0A00336371 = {
						CreatedOnToolsVersion = 6.4;
						DevelopmentTeam = QH652MJ3PW;
						TestTargetID = 278E62A51BA15E0A00336371;
					};
					279AF71E1BABB0EB00EF457B = {
						CreatedOnToolsVersion = 7.0;
						DevelopmentTeam = QH652MJ3PW;
						SystemCapabilities = {
							com.apple.ApplicationGroups.iOS = {
								enabled = 1;
							};
						};
					};
				};
			};
			buildConfigurationList = 278E62A11BA15E0A00336371 /* Build configuration list for PBXProject "Note" */;
			compatibilityVersion = "Xcode 3.2";
			developmentRegion = English;
			hasScannedForEncodings = 0;
			knownRegions = (
				en,
				Base,
			);
			mainGroup = 278E629D1BA15E0A00336371;
			productRefGroup = 278E62A71BA15E0A00336371 /* Products */;
			projectDirPath = "";
			projectRoot = "";
			targets = (
				278E62A51BA15E0A00336371 /* Note */,
				278E62C11BA15E0A00336371 /* NoteTests */,
				279AF71E1BABB0EB00EF457B /* ShareAction */,
			);
		};
/* End PBXProject section */

/* Begin PBXResourcesBuildPhase section */
		278E62A41BA15E0A00336371 /* Resources */ = {
			isa = PBXResourcesBuildPhase;
			buildActionMask = 2147483647;
			files = (
				278E62B81BA15E0A00336371 /* Main.storyboard in Resources */,
				278E62BD1BA15E0A00336371 /* LaunchScreen.xib in Resources */,
				278E62BA1BA15E0A00336371 /* Images.xcassets in Resources */,
			);
			runOnlyForDeploymentPostprocessing = 0;
		};
		278E62C01BA15E0A00336371 /* Resources */ = {
			isa = PBXResourcesBuildPhase;
			buildActionMask = 2147483647;
			files = (
			);
			runOnlyForDeploymentPostprocessing = 0;
		};
		279AF71D1BABB0EB00EF457B /* Resources */ = {
			isa = PBXResourcesBuildPhase;
			buildActionMask = 2147483647;
			files = (
				279AF7261BABB0EB00EF457B /* MainInterface.storyboard in Resources */,
			);
			runOnlyForDeploymentPostprocessing = 0;
		};
/* End PBXResourcesBuildPhase section */

/* Begin PBXSourcesBuildPhase section */
		278E62A21BA15E0A00336371 /* Sources */ = {
			isa = PBXSourcesBuildPhase;
			buildActionMask = 2147483647;
			files = (
				278E62B21BA15E0A00336371 /* Note.xcdatamodeld in Sources */,
				278E62DA1BA15E8800336371 /* AddNoteTableViewController.m in Sources */,
				278E62D41BA15E4C00336371 /* MasterTableViewController.m in Sources */,
				278E62AF1BA15E0A00336371 /* AppDelegate.m in Sources */,
				278E62D71BA15E7100336371 /* MasterTableViewCell.m in Sources */,
				278E62AC1BA15E0A00336371 /* main.m in Sources */,
			);
			runOnlyForDeploymentPostprocessing = 0;
		};
		278E62BE1BA15E0A00336371 /* Sources */ = {
			isa = PBXSourcesBuildPhase;
			buildActionMask = 2147483647;
			files = (
				278E62C91BA15E0A00336371 /* NoteTests.m in Sources */,
			);
			runOnlyForDeploymentPostprocessing = 0;
		};
		279AF71B1BABB0EB00EF457B /* Sources */ = {
			isa = PBXSourcesBuildPhase;
			buildActionMask = 2147483647;
			files = (
				279AF7231BABB0EB00EF457B /* ShareViewController.m in Sources */,
			);
			runOnlyForDeploymentPostprocessing = 0;
		};
/* End PBXSourcesBuildPhase section */

/* Begin PBXTargetDependency section */
		278E62C41BA15E0A00336371 /* PBXTargetDependency */ = {
			isa = PBXTargetDependency;
			target = 278E62A51BA15E0A00336371 /* Note */;
			targetProxy = 278E62C31BA15E0A00336371 /* PBXContainerItemProxy */;
		};
		279AF7291BABB0EB00EF457B /* PBXTargetDependency */ = {
			isa = PBXTargetDependency;
			target = 279AF71E1BABB0EB00EF457B /* ShareAction */;
			targetProxy = 279AF7281BABB0EB00EF457B /* PBXContainerItemProxy */;
		};
/* End PBXTargetDependency section */

/* Begin PBXVariantGroup section */
		278E62B61BA15E0A00336371 /* Main.storyboard */ = {
			isa = PBXVariantGroup;
			children = (
				278E62B71BA15E0A00336371 /* Base */,
			);
			name = Main.storyboard;
			sourceTree = "<group>";
		};
		278E62BB1BA15E0A00336371 /* LaunchScreen.xib */ = {
			isa = PBXVariantGroup;
			children = (
				278E62BC1BA15E0A00336371 /* Base */,
			);
			name = LaunchScreen.xib;
			sourceTree = "<group>";
		};
		279AF7241BABB0EB00EF457B /* MainInterface.storyboard */ = {
			isa = PBXVariantGroup;
			children = (
				279AF7251BABB0EB00EF457B /* Base */,
			);
			name = MainInterface.storyboard;
			sourceTree = "<group>";
		};
/* End PBXVariantGroup section */

/* Begin XCBuildConfiguration section */
		278E62CA1BA15E0A00336371 /* Debug */ = {
			isa = XCBuildConfiguration;
			buildSettings = {
				ALWAYS_SEARCH_USER_PATHS = NO;
				CLANG_CXX_LANGUAGE_STANDARD = "gnu++0x";
				CLANG_CXX_LIBRARY = "libc++";
				CLANG_ENABLE_MODULES = YES;
				CLANG_ENABLE_OBJC_ARC = YES;
				CLANG_WARN_BOOL_CONVERSION = YES;
				CLANG_WARN_CONSTANT_CONVERSION = YES;
				CLANG_WARN_DIRECT_OBJC_ISA_USAGE = YES_ERROR;
				CLANG_WARN_EMPTY_BODY = YES;
				CLANG_WARN_ENUM_CONVERSION = YES;
				CLANG_WARN_INT_CONVERSION = YES;
				CLANG_WARN_OBJC_ROOT_CLASS = YES_ERROR;
				CLANG_WARN_UNREACHABLE_CODE = YES;
				CLANG_WARN__DUPLICATE_METHOD_MATCH = YES;
				CODE_SIGN_IDENTITY = "iPhone Developer: Nilesh Mahale (DDPXLMS5HD)";
				"CODE_SIGN_IDENTITY[sdk=iphoneos*]" = "iPhone Developer: Nilesh Mahale (DDPXLMS5HD)";
				COPY_PHASE_STRIP = NO;
				DEBUG_INFORMATION_FORMAT = "dwarf-with-dsym";
				ENABLE_STRICT_OBJC_MSGSEND = YES;
				ENABLE_TESTABILITY = YES;
				GCC_C_LANGUAGE_STANDARD = gnu99;
				GCC_DYNAMIC_NO_PIC = NO;
				GCC_NO_COMMON_BLOCKS = YES;
				GCC_OPTIMIZATION_LEVEL = 0;
				GCC_PREPROCESSOR_DEFINITIONS = (
					"DEBUG=1",
					"$(inherited)",
				);
				GCC_SYMBOLS_PRIVATE_EXTERN = NO;
				GCC_WARN_64_TO_32_BIT_CONVERSION = YES;
				GCC_WARN_ABOUT_RETURN_TYPE = YES_ERROR;
				GCC_WARN_UNDECLARED_SELECTOR = YES;
				GCC_WARN_UNINITIALIZED_AUTOS = YES_AGGRESSIVE;
				GCC_WARN_UNUSED_FUNCTION = YES;
				GCC_WARN_UNUSED_VARIABLE = YES;
				IPHONEOS_DEPLOYMENT_TARGET = 8.4;
				MTL_ENABLE_DEBUG_INFO = YES;
				ONLY_ACTIVE_ARCH = YES;
				PROVISIONING_PROFILE = "7bec7cb7-ff11-4e0a-8c45-d2c8e4072ae9";
				SDKROOT = iphoneos;
			};
			name = Debug;
		};
		278E62CB1BA15E0A00336371 /* Release */ = {
			isa = XCBuildConfiguration;
			buildSettings = {
				ALWAYS_SEARCH_USER_PATHS = NO;
				CLANG_CXX_LANGUAGE_STANDARD = "gnu++0x";
				CLANG_CXX_LIBRARY = "libc++";
				CLANG_ENABLE_MODULES = YES;
				CLANG_ENABLE_OBJC_ARC = YES;
				CLANG_WARN_BOOL_CONVERSION = YES;
				CLANG_WARN_CONSTANT_CONVERSION = YES;
				CLANG_WARN_DIRECT_OBJC_ISA_USAGE = YES_ERROR;
				CLANG_WARN_EMPTY_BODY = YES;
				CLANG_WARN_ENUM_CONVERSION = YES;
				CLANG_WARN_INT_CONVERSION = YES;
				CLANG_WARN_OBJC_ROOT_CLASS = YES_ERROR;
				CLANG_WARN_UNREACHABLE_CODE = YES;
				CLANG_WARN__DUPLICATE_METHOD_MATCH = YES;
				CODE_SIGN_IDENTITY = "iPhone Developer: Nilesh Mahale (DDPXLMS5HD)";
				"CODE_SIGN_IDENTITY[sdk=iphoneos*]" = "iPhone Developer: Nilesh Mahale (DDPXLMS5HD)";
				COPY_PHASE_STRIP = NO;
				DEBUG_INFORMATION_FORMAT = "dwarf-with-dsym";
				ENABLE_NS_ASSERTIONS = NO;
				ENABLE_STRICT_OBJC_MSGSEND = YES;
				GCC_C_LANGUAGE_STANDARD = gnu99;
				GCC_NO_COMMON_BLOCKS = YES;
				GCC_WARN_64_TO_32_BIT_CONVERSION = YES;
				GCC_WARN_ABOUT_RETURN_TYPE = YES_ERROR;
				GCC_WARN_UNDECLARED_SELECTOR = YES;
				GCC_WARN_UNINITIALIZED_AUTOS = YES_AGGRESSIVE;
				GCC_WARN_UNUSED_FUNCTION = YES;
				GCC_WARN_UNUSED_VARIABLE = YES;
				IPHONEOS_DEPLOYMENT_TARGET = 8.4;
				MTL_ENABLE_DEBUG_INFO = NO;
				PROVISIONING_PROFILE = "7bec7cb7-ff11-4e0a-8c45-d2c8e4072ae9";
				SDKROOT = iphoneos;
				VALIDATE_PRODUCT = YES;
			};
			name = Release;
		};
		278E62CD1BA15E0A00336371 /* Debug */ = {
			isa = XCBuildConfiguration;
			buildSettings = {
				ASSETCATALOG_COMPILER_APPICON_NAME = AppIcon;
				CODE_SIGN_ENTITLEMENTS = Note/Note.entitlements;
				CODE_SIGN_IDENTITY = "iPhone Developer";
				"CODE_SIGN_IDENTITY[sdk=iphoneos*]" = "iPhone Developer";
				INFOPLIST_FILE = Note/Info.plist;
				LD_RUNPATH_SEARCH_PATHS = "$(inherited) @executable_path/Frameworks";
				PRODUCT_BUNDLE_IDENTIFIER = "com.code-Programming.$(PRODUCT_NAME:rfc1034identifier)";
				PRODUCT_NAME = "$(TARGET_NAME)";
				PROVISIONING_PROFILE = "";
			};
			name = Debug;
		};
		278E62CE1BA15E0A00336371 /* Release */ = {
			isa = XCBuildConfiguration;
			buildSettings = {
				ASSETCATALOG_COMPILER_APPICON_NAME = AppIcon;
				CODE_SIGN_ENTITLEMENTS = Note/Note.entitlements;
				CODE_SIGN_IDENTITY = "iPhone Developer";
				"CODE_SIGN_IDENTITY[sdk=iphoneos*]" = "iPhone Developer";
				INFOPLIST_FILE = Note/Info.plist;
				LD_RUNPATH_SEARCH_PATHS = "$(inherited) @executable_path/Frameworks";
				PRODUCT_BUNDLE_IDENTIFIER = "com.code-Programming.$(PRODUCT_NAME:rfc1034identifier)";
				PRODUCT_NAME = "$(TARGET_NAME)";
				PROVISIONING_PROFILE = "";
			};
			name = Release;
		};
		278E62D01BA15E0A00336371 /* Debug */ = {
			isa = XCBuildConfiguration;
			buildSettings = {
				BUNDLE_LOADER = "$(TEST_HOST)";
				CODE_SIGN_IDENTITY = "iPhone Developer";
				"CODE_SIGN_IDENTITY[sdk=iphoneos*]" = "iPhone Developer";
				FRAMEWORK_SEARCH_PATHS = (
					"$(SDKROOT)/Developer/Library/Frameworks",
					"$(inherited)",
				);
				GCC_PREPROCESSOR_DEFINITIONS = (
					"DEBUG=1",
					"$(inherited)",
				);
				INFOPLIST_FILE = NoteTests/Info.plist;
				LD_RUNPATH_SEARCH_PATHS = "$(inherited) @executable_path/Frameworks @loader_path/Frameworks";
				PRODUCT_BUNDLE_IDENTIFIER = "com.code-Programming.$(PRODUCT_NAME:rfc1034identifier)";
				PRODUCT_NAME = "$(TARGET_NAME)";
				PROVISIONING_PROFILE = "";
				TEST_HOST = "$(BUILT_PRODUCTS_DIR)/Note.app/Note";
			};
			name = Debug;
		};
		278E62D11BA15E0A00336371 /* Release */ = {
			isa = XCBuildConfiguration;
			buildSettings = {
				BUNDLE_LOADER = "$(TEST_HOST)";
				CODE_SIGN_IDENTITY = "iPhone Developer";
				"CODE_SIGN_IDENTITY[sdk=iphoneos*]" = "iPhone Developer";
				FRAMEWORK_SEARCH_PATHS = (
					"$(SDKROOT)/Developer/Library/Frameworks",
					"$(inherited)",
				);
				INFOPLIST_FILE = NoteTests/Info.plist;
				LD_RUNPATH_SEARCH_PATHS = "$(inherited) @executable_path/Frameworks @loader_path/Frameworks";
				PRODUCT_BUNDLE_IDENTIFIER = "com.code-Programming.$(PRODUCT_NAME:rfc1034identifier)";
				PRODUCT_NAME = "$(TARGET_NAME)";
				PROVISIONING_PROFILE = "";
				TEST_HOST = "$(BUILT_PRODUCTS_DIR)/Note.app/Note";
			};
			name = Release;
		};
		279AF72C1BABB0EB00EF457B /* Debug */ = {
			isa = XCBuildConfiguration;
			buildSettings = {
				CODE_SIGN_ENTITLEMENTS = ShareAction/ShareAction.entitlements;
				CODE_SIGN_IDENTITY = "iPhone Developer";
				"CODE_SIGN_IDENTITY[sdk=iphoneos*]" = "iPhone Developer";
				DEBUG_INFORMATION_FORMAT = dwarf;
				INFOPLIST_FILE = ShareAction/Info.plist;
				IPHONEOS_DEPLOYMENT_TARGET = 9.0;
				LD_RUNPATH_SEARCH_PATHS = "$(inherited) @executable_path/Frameworks @executable_path/../../Frameworks";
				PRODUCT_BUNDLE_IDENTIFIER = "com.code-Programming.Note.ShareAction";
				PRODUCT_NAME = "$(TARGET_NAME)";
				PROVISIONING_PROFILE = "";
				SKIP_INSTALL = YES;
			};
			name = Debug;
		};
		279AF72D1BABB0EB00EF457B /* Release */ = {
			isa = XCBuildConfiguration;
			buildSettings = {
				CODE_SIGN_ENTITLEMENTS = ShareAction/ShareAction.entitlements;
				CODE_SIGN_IDENTITY = "iPhone Developer";
				"CODE_SIGN_IDENTITY[sdk=iphoneos*]" = "iPhone Developer";
				INFOPLIST_FILE = ShareAction/Info.plist;
				IPHONEOS_DEPLOYMENT_TARGET = 9.0;
				LD_RUNPATH_SEARCH_PATHS = "$(inherited) @executable_path/Frameworks @executable_path/../../Frameworks";
				PRODUCT_BUNDLE_IDENTIFIER = "com.code-Programming.Note.ShareAction";
				PRODUCT_NAME = "$(TARGET_NAME)";
				PROVISIONING_PROFILE = "";
				SKIP_INSTALL = YES;
			};
			name = Release;
		};
/* End XCBuildConfiguration section */

/* Begin XCConfigurationList section */
		278E62A11BA15E0A00336371 /* Build configuration list for PBXProject "Note" */ = {
			isa = XCConfigurationList;
			buildConfigurations = (
				278E62CA1BA15E0A00336371 /* Debug */,
				278E62CB1BA15E0A00336371 /* Release */,
			);
			defaultConfigurationIsVisible = 0;
			defaultConfigurationName = Release;
		};
		278E62CC1BA15E0A00336371 /* Build configuration list for PBXNativeTarget "Note" */ = {
			isa = XCConfigurationList;
			buildConfigurations = (
				278E62CD1BA15E0A00336371 /* Debug */,
				278E62CE1BA15E0A00336371 /* Release */,
			);
			defaultConfigurationIsVisible = 0;
			defaultConfigurationName = Release;
		};
		278E62CF1BA15E0A00336371 /* Build configuration list for PBXNativeTarget "NoteTests" */ = {
			isa = XCConfigurationList;
			buildConfigurations = (
				278E62D01BA15E0A00336371 /* Debug */,
				278E62D11BA15E0A00336371 /* Release */,
			);
			defaultConfigurationIsVisible = 0;
			defaultConfigurationName = Release;
		};
		279AF72B1BABB0EB00EF457B /* Build configuration list for PBXNativeTarget "ShareAction" */ = {
			isa = XCConfigurationList;
			buildConfigurations = (
				279AF72C1BABB0EB00EF457B /* Debug */,
				279AF72D1BABB0EB00EF457B /* Release */,
			);
			defaultConfigurationIsVisible = 0;
			defaultConfigurationName = Release;
		};
/* End XCConfigurationList section */

/* Begin XCVersionGroup section */
		278E62B01BA15E0A00336371 /* Note.xcdatamodeld */ = {
			isa = XCVersionGroup;
			children = (
				278E62B11BA15E0A00336371 /* Note.xcdatamodel */,
			);
			currentVersion = 278E62B11BA15E0A00336371 /* Note.xcdatamodel */;
			path = Note.xcdatamodeld;
			sourceTree = "<group>";
			versionGroupType = wrapper.xcdatamodel;
		};
/* End XCVersionGroup section */
	};
	rootObject = 278E629E1BA15E0A00336371 /* Project object */;
}
